
Microsoft Visual Studio Solution File, Format Version 12.00
# Visual Studio 2013
VisualStudioVersion = 12.0.30501.0
MinimumVisualStudioVersion = 10.0.40219.1
Project("{2150E333-8FDC-42A3-9474-1A3956D46DE8}") = "UnitTest", "UnitTest", "{143E6111-6CA4-48A8-9181-AF4B1F3341AD}"
EndProject
Project("{FAE04EC0-301F-11D3-BF4B-00C04F79EFBC}") = "Yujt.Common", "Yujt.Common\Yujt.Common.csproj", "{3DA813E4-E68F-40DC-91EF-98DA0C3788EE}"
EndProject
Project("{FAE04EC0-301F-11D3-BF4B-00C04F79EFBC}") = "Yujt.ToolBox.Encryptor", "Yujt.ToolBox.Encryptor\Yujt.ToolBox.Encryptor.csproj", "{B4C92788-C213-45A3-B08F-4EAB6B72DB66}"
EndProject
Project("{FAE04EC0-301F-11D3-BF4B-00C04F79EFBC}") = "Yujt.Common.Tests", "Yujt.Common.Tests\Yujt.Common.Tests.csproj", "{5E93E8D5-55AF-4BD0-B119-BC49547343C8}"
EndProject
Project("{FAE04EC0-301F-11D3-BF4B-00C04F79EFBC}") = "Yujt.ToolBox.UI", "Yujt.ToolBox.UI\Yujt.ToolBox.UI.csproj", "{A47B2EBB-31DF-432A-A525-A289DF931BEF}"
EndProject
Project("{FAE04EC0-301F-11D3-BF4B-00C04F79EFBC}") = "Yujt.ToolBox.Core", "Yujt.ToolBox.Core\Yujt.ToolBox.Core.csproj", "{CBD6677A-C8EA-425A-A9D2-5BE2121DAEEE}"
EndProject
Project("{FAE04EC0-301F-11D3-BF4B-00C04F79EFBC}") = "Yujt.ToolBox.ProxySwitcher", "Yujt.ToolBox.ProxySwitcher\Yujt.ToolBox.ProxySwitcher.csproj", "{7BAAFBE7-DA34-4A35-AE88-6ADE38A6F432}"
EndProject
Project("{FAE04EC0-301F-11D3-BF4B-00C04F79EFBC}") = "Yujt.ToolBox.GuidGenerator", "Yujt.ToolBox.GuidGenerator\Yujt.ToolBox.GuidGenerator.csproj", "{AD4904CD-4234-4FEB-8162-E1A4BF907C2F}"
EndProject
Project("{FAE04EC0-301F-11D3-BF4B-00C04F79EFBC}") = "Yujt.ToolBox.EmailRegister", "Yujt.ToolBox.EmailRegister\Yujt.ToolBox.EmailRegister.csproj", "{FF5352CC-98FA-4B5D-A0C5-C6121C72554B}"
EndProject
Project("{2150E333-8FDC-42A3-9474-1A3956D46DE8}") = "Tools", "Tools", "{3D08C002-94FF-4455-9F1D-4D9C25DCE499}"
EndProject
Project("{FAE04EC0-301F-11D3-BF4B-00C04F79EFBC}") = "Yujt.ToolBox.ProxySwitcher.Tests", "Yujt.ToolBox.ProxySwitcher.Tests\Yujt.ToolBox.ProxySwitcher.Tests.csproj", "{E86515C1-B48A-4001-BC79-4ACB53F24466}"
EndProject
Project("{FAE04EC0-301F-11D3-BF4B-00C04F79EFBC}") = "Yujt.ToolBox.Common", "Yujt.ToolBox.Common\Yujt.ToolBox.Common.csproj", "{6D7686AF-F7CA-4D74-9629-B2A0F0792287}"
EndProject
Project("{FAE04EC0-301F-11D3-BF4B-00C04F79EFBC}") = "Yujt.ToolBox.Test", "Yujt.ToolBox.Test\Yujt.ToolBox.Test.csproj", "{12622A5D-9220-426C-9022-5FB7EB93EAFC}"
EndProject
Project("{2150E333-8FDC-42A3-9474-1A3956D46DE8}") = "Consoles", "Consoles", "{7513F38E-E191-43F0-9346-5F3C2F81B681}"
EndProject
Project("{FAE04EC0-301F-11D3-BF4B-00C04F79EFBC}") = "BaojieHongbao", "BaojieHongbao\BaojieHongbao.csproj", "{987B740D-9E7A-49BC-B24C-17D9AE5692F2}"
EndProject
Project("{FAE04EC0-301F-11D3-BF4B-00C04F79EFBC}") = "HaoShengYinHongbao", "HaoShengYinHongbao\HaoShengYinHongbao.csproj", "{7F9D2B9E-A6A0-4FA1-AA8D-694880768543}"
EndProject
Project("{FAE04EC0-301F-11D3-BF4B-00C04F79EFBC}") = "Yujt.ToolBox.EmailRegister.Tests", "Yujt.ToolBox.EmailRegister.Tests\Yujt.ToolBox.EmailRegister.Tests.csproj", "{B344A9E1-65BB-40A7-A657-03A741885203}"
EndProject
Global
	GlobalSection(SolutionConfigurationPlatforms) = preSolution
		Debug|Any CPU = Debug|Any CPU
		Release|Any CPU = Release|Any CPU
	EndGlobalSection
	GlobalSection(ProjectConfigurationPlatforms) = postSolution
		{3DA813E4-E68F-40DC-91EF-98DA0C3788EE}.Debug|Any CPU.ActiveCfg = Debug|Any CPU
		{3DA813E4-E68F-40DC-91EF-98DA0C3788EE}.Debug|Any CPU.Build.0 = Debug|Any CPU
		{3DA813E4-E68F-40DC-91EF-98DA0C3788EE}.Release|Any CPU.ActiveCfg = Release|Any CPU
		{3DA813E4-E68F-40DC-91EF-98DA0C3788EE}.Release|Any CPU.Build.0 = Release|Any CPU
		{B4C92788-C213-45A3-B08F-4EAB6B72DB66}.Debug|Any CPU.ActiveCfg = Debug|Any CPU
		{B4C92788-C213-45A3-B08F-4EAB6B72DB66}.Debug|Any CPU.Build.0 = Debug|Any CPU
		{B4C92788-C213-45A3-B08F-4EAB6B72DB66}.Release|Any CPU.ActiveCfg = Release|Any CPU
		{B4C92788-C213-45A3-B08F-4EAB6B72DB66}.Release|Any CPU.Build.0 = Release|Any CPU
		{5E93E8D5-55AF-4BD0-B119-BC49547343C8}.Debug|Any CPU.ActiveCfg = Debug|Any CPU
		{5E93E8D5-55AF-4BD0-B119-BC49547343C8}.Debug|Any CPU.Build.0 = Debug|Any CPU
		{5E93E8D5-55AF-4BD0-B119-BC49547343C8}.Release|Any CPU.ActiveCfg = Release|Any CPU
		{5E93E8D5-55AF-4BD0-B119-BC49547343C8}.Release|Any CPU.Build.0 = Release|Any CPU
		{A47B2EBB-31DF-432A-A525-A289DF931BEF}.Debug|Any CPU.ActiveCfg = Debug|Any CPU
		{A47B2EBB-31DF-432A-A525-A289DF931BEF}.Debug|Any CPU.Build.0 = Debug|Any CPU
		{A47B2EBB-31DF-432A-A525-A289DF931BEF}.Release|Any CPU.ActiveCfg = Release|Any CPU
		{A47B2EBB-31DF-432A-A525-A289DF931BEF}.Release|Any CPU.Build.0 = Release|Any CPU
		{CBD6677A-C8EA-425A-A9D2-5BE2121DAEEE}.Debug|Any CPU.ActiveCfg = Debug|Any CPU
		{CBD6677A-C8EA-425A-A9D2-5BE2121DAEEE}.Debug|Any CPU.Build.0 = Debug|Any CPU
		{CBD6677A-C8EA-425A-A9D2-5BE2121DAEEE}.Release|Any CPU.ActiveCfg = Release|Any CPU
		{CBD6677A-C8EA-425A-A9D2-5BE2121DAEEE}.Release|Any CPU.Build.0 = Release|Any CPU
		{7BAAFBE7-DA34-4A35-AE88-6ADE38A6F432}.Debug|Any CPU.ActiveCfg = Debug|Any CPU
		{7BAAFBE7-DA34-4A35-AE88-6ADE38A6F432}.Debug|Any CPU.Build.0 = Debug|Any CPU
		{7BAAFBE7-DA34-4A35-AE88-6ADE38A6F432}.Release|Any CPU.ActiveCfg = Release|Any CPU
		{7BAAFBE7-DA34-4A35-AE88-6ADE38A6F432}.Release|Any CPU.Build.0 = Release|Any CPU
		{AD4904CD-4234-4FEB-8162-E1A4BF907C2F}.Debug|Any CPU.ActiveCfg = Debug|Any CPU
		{AD4904CD-4234-4FEB-8162-E1A4BF907C2F}.Debug|Any CPU.Build.0 = Debug|Any CPU
		{AD4904CD-4234-4FEB-8162-E1A4BF907C2F}.Release|Any CPU.ActiveCfg = Release|Any CPU
		{AD4904CD-4234-4FEB-8162-E1A4BF907C2F}.Release|Any CPU.Build.0 = Release|Any CPU
		{FF5352CC-98FA-4B5D-A0C5-C6121C72554B}.Debug|Any CPU.ActiveCfg = Debug|Any CPU
		{FF5352CC-98FA-4B5D-A0C5-C6121C72554B}.Debug|Any CPU.Build.0 = Debug|Any CPU
		{FF5352CC-98FA-4B5D-A0C5-C6121C72554B}.Release|Any CPU.ActiveCfg = Release|Any CPU
		{FF5352CC-98FA-4B5D-A0C5-C6121C72554B}.Release|Any CPU.Build.0 = Release|Any CPU
		{E86515C1-B48A-4001-BC79-4ACB53F24466}.Debug|Any CPU.ActiveCfg = Debug|Any CPU
		{E86515C1-B48A-4001-BC79-4ACB53F24466}.Debug|Any CPU.Build.0 = Debug|Any CPU
		{E86515C1-B48A-4001-BC79-4ACB53F24466}.Release|Any CPU.ActiveCfg = Release|Any CPU
		{E86515C1-B48A-4001-BC79-4ACB53F24466}.Release|Any CPU.Build.0 = Release|Any CPU
		{6D7686AF-F7CA-4D74-9629-B2A0F0792287}.Debug|Any CPU.ActiveCfg = Debug|Any CPU
		{6D7686AF-F7CA-4D74-9629-B2A0F0792287}.Debug|Any CPU.Build.0 = Debug|Any CPU
		{6D7686AF-F7CA-4D74-9629-B2A0F0792287}.Release|Any CPU.ActiveCfg = Release|Any CPU
		{6D7686AF-F7CA-4D74-9629-B2A0F0792287}.Release|Any CPU.Build.0 = Release|Any CPU
		{12622A5D-9220-426C-9022-5FB7EB93EAFC}.Debug|Any CPU.ActiveCfg = Debug|Any CPU
		{12622A5D-9220-426C-9022-5FB7EB93EAFC}.Debug|Any CPU.Build.0 = Debug|Any CPU
		{12622A5D-9220-426C-9022-5FB7EB93EAFC}.Release|Any CPU.ActiveCfg = Release|Any CPU
		{12622A5D-9220-426C-9022-5FB7EB93EAFC}.Release|Any CPU.Build.0 = Release|Any CPU
		{987B740D-9E7A-49BC-B24C-17D9AE5692F2}.Debug|Any CPU.ActiveCfg = Debug|Any CPU
		{987B740D-9E7A-49BC-B24C-17D9AE5692F2}.Debug|Any CPU.Build.0 = Debug|Any CPU
		{987B740D-9E7A-49BC-B24C-17D9AE5692F2}.Release|Any CPU.ActiveCfg = Release|Any CPU
		{987B740D-9E7A-49BC-B24C-17D9AE5692F2}.Release|Any CPU.Build.0 = Release|Any CPU
		{7F9D2B9E-A6A0-4FA1-AA8D-694880768543}.Debug|Any CPU.ActiveCfg = Debug|Any CPU
		{7F9D2B9E-A6A0-4FA1-AA8D-694880768543}.Debug|Any CPU.Build.0 = Debug|Any CPU
		{7F9D2B9E-A6A0-4FA1-AA8D-694880768543}.Release|Any CPU.ActiveCfg = Release|Any CPU
		{7F9D2B9E-A6A0-4FA1-AA8D-694880768543}.Release|Any CPU.Build.0 = Release|Any CPU
		{B344A9E1-65BB-40A7-A657-03A741885203}.Debug|Any CPU.ActiveCfg = Debug|Any CPU
		{B344A9E1-65BB-40A7-A657-03A741885203}.Debug|Any CPU.Build.0 = Debug|Any CPU
		{B344A9E1-65BB-40A7-A657-03A741885203}.Release|Any CPU.ActiveCfg = Release|Any CPU
		{B344A9E1-65BB-40A7-A657-03A741885203}.Release|Any CPU.Build.0 = Release|Any CPU
	EndGlobalSection
	GlobalSection(SolutionProperties) = preSolution
		HideSolutionNode = FALSE
	EndGlobalSection
	GlobalSection(NestedProjects) = preSolution
		{B4C92788-C213-45A3-B08F-4EAB6B72DB66} = {3D08C002-94FF-4455-9F1D-4D9C25DCE499}
		{5E93E8D5-55AF-4BD0-B119-BC49547343C8} = {143E6111-6CA4-48A8-9181-AF4B1F3341AD}
		{7BAAFBE7-DA34-4A35-AE88-6ADE38A6F432} = {3D08C002-94FF-4455-9F1D-4D9C25DCE499}
		{AD4904CD-4234-4FEB-8162-E1A4BF907C2F} = {3D08C002-94FF-4455-9F1D-4D9C25DCE499}
		{FF5352CC-98FA-4B5D-A0C5-C6121C72554B} = {3D08C002-94FF-4455-9F1D-4D9C25DCE499}
		{E86515C1-B48A-4001-BC79-4ACB53F24466} = {143E6111-6CA4-48A8-9181-AF4B1F3341AD}
		{12622A5D-9220-426C-9022-5FB7EB93EAFC} = {143E6111-6CA4-48A8-9181-AF4B1F3341AD}
		{987B740D-9E7A-49BC-B24C-17D9AE5692F2} = {7513F38E-E191-43F0-9346-5F3C2F81B681}
		{7F9D2B9E-A6A0-4FA1-AA8D-694880768543} = {7513F38E-E191-43F0-9346-5F3C2F81B681}
		{B344A9E1-65BB-40A7-A657-03A741885203} = {143E6111-6CA4-48A8-9181-AF4B1F3341AD}
	EndGlobalSection
EndGlobal
